hash: 8ca3225df4a24a36579200ede8cad9dbec70a4b8a51a492f30b0cd8f481f1cc9
updated: 2017-05-29T13:34:33.012331653-04:00
imports:
- name: github.com/dgrijalva/jwt-go
  version: d2709f9f1f31ebcda9651b03077758c1f3a0018c
- name: github.com/gin-gonic/gin
  version: d5b353c5d5a560322e6d96121c814115562501f7
  subpackages:
  - binding
  - render
- name: github.com/golang/protobuf
  version: 2402d76f3d41f928c7902a765dfc872356dd3aad
  subpackages:
  - proto
- name: github.com/jinzhu/gorm
  version: 5174cc5c242a728b435ea2be8a2f7f998e15429b
  subpackages:
  - dialects/sqlite
- name: github.com/jinzhu/inflection
  version: 1c35d901db3da928c72a72d8458480cc9ade058f
- name: github.com/Machiel/slugify
  version: 2f1bd9e4c7e7c5586e55bf9ee8deae24215f59ea
- name: github.com/manucorporat/sse
  version: ee05b128a739a0fb76c7ebd3ae4810c1de808d6d
- name: github.com/mattn/go-isatty
  version: fc9e8d8ef48496124e79ae0df75490096eccf6fe
- name: github.com/mattn/go-sqlite3
  version: 83772a7051f5e30d8e59746a9e43dfa706b72f3b
- name: golang.org/x/crypto
  version: 7e9105388ebff089b3f99f0ef676ea55a6da3a7e
  subpackages:
  - bcrypt
  - blowfish
- name: golang.org/x/net
  version: f315505cf3349909cdf013ea56690da34e96a451
  subpackages:
  - context
- name: golang.org/x/sys
  version: a55a76086885b80f79961eacb876ebd8caf3868d
  subpackages:
  - unix
- name: gopkg.in/gin-gonic/gin.v1
  version: e2212d40c62a98b388a5eb48ecbdcf88534688ba
- name: gopkg.in/go-playground/validator.v8
  version: c193cecd124b5cc722d7ee5538e945bdb3348435
- name: gopkg.in/yaml.v2
  version: cd8b52f8269e0feb286dfeef29f8fe4d5b397e0b
testImports:
- name: github.com/smartystreets/goconvey
  version: d4c757aa9afd1e2fc1832aaab209b5794eb336e1
  subpackages:
  - convey
- name: gopkg.in/testfixtures.v2
  version: 50c22f0df6c0901e8ba96762b36bea3ef1e9b13b
